<Solution>
  <Project Path="E:/UTB/Kasino/Kasino/Kasino.Application/Kasino.Application.csproj" />
  <Project Path="E:/UTB/Kasino/Kasino/Kasino.Domain/Kasino.Domain.csproj" />
  <Project Path="E:/UTB/Kasino/Kasino/Kasino.Infrastructure/Kasino.Infrastructure.csproj" />
  <Project Path="E:/UTB/Kasino/Kasino/Kasino/Kasino.csproj" />
</Solution>
